PODS:
  - battery_plus (1.0.0):
    - Flutter
  - carrier_info (0.0.1):
    - Flutter
  - device_info_plus (0.0.1):
    - Flutter
  - Firebase/CoreOnly (10.7.0):
    - FirebaseCore (= 10.7.0)
  - Firebase/Crashlytics (10.7.0):
    - Firebase/CoreOnly
    - FirebaseCrashlytics (~> 10.7.0)
  - firebase_core (2.11.0):
    - Firebase/CoreOnly (= 10.7.0)
    - Flutter
  - firebase_crashlytics (3.2.0):
    - Firebase/Crashlytics (= 10.7.0)
    - firebase_core
    - Flutter
  - FirebaseCore (10.7.0):
    - FirebaseCoreInternal (~> 10.0)
    - GoogleUtilities/Environment (~> 7.8)
    - GoogleUtilities/Logger (~> 7.8)
  - FirebaseCoreExtension (10.9.0):
    - FirebaseCore (~> 10.0)
  - FirebaseCoreInternal (10.9.0):
    - "GoogleUtilities/NSData+zlib (~> 7.8)"
  - FirebaseCrashlytics (10.7.0):
    - FirebaseCore (~> 10.5)
    - FirebaseInstallations (~> 10.0)
    - FirebaseSessions (~> 10.5)
    - GoogleDataTransport (~> 9.2)
    - GoogleUtilities/Environment (~> 7.8)
    - nanopb (< 2.30910.0, >= 2.30908.0)
    - PromisesObjC (~> 2.1)
  - FirebaseInstallations (10.9.0):
    - FirebaseCore (~> 10.0)
    - GoogleUtilities/Environment (~> 7.8)
    - GoogleUtilities/UserDefaults (~> 7.8)
    - PromisesObjC (~> 2.1)
  - FirebaseSessions (10.9.0):
    - FirebaseCore (~> 10.5)
    - FirebaseCoreExtension (~> 10.0)
    - FirebaseInstallations (~> 10.0)
    - GoogleDataTransport (~> 9.2)
    - GoogleUtilities/Environment (~> 7.10)
    - nanopb (< 2.30910.0, >= 2.30908.0)
    - PromisesSwift (~> 2.1)
  - Flutter (1.0.0)
  - Google-Mobile-Ads-SDK (10.4.0):
    - GoogleAppMeasurement (< 11.0, >= 7.0)
    - GoogleUserMessagingPlatform (>= 1.1)
  - google_mobile_ads (1.0.0):
    - Flutter
    - Google-Mobile-Ads-SDK (~> 10.4.0)
    - webview_flutter_wkwebview
  - GoogleAppMeasurement (10.6.0):
    - GoogleAppMeasurement/AdIdSupport (= 10.6.0)
    - GoogleUtilities/AppDelegateSwizzler (~> 7.8)
    - GoogleUtilities/MethodSwizzler (~> 7.8)
    - GoogleUtilities/Network (~> 7.8)
    - "GoogleUtilities/NSData+zlib (~> 7.8)"
    - nanopb (< 2.30910.0, >= 2.30908.0)
  - GoogleAppMeasurement/AdIdSupport (10.6.0):
    - GoogleAppMeasurement/WithoutAdIdSupport (= 10.6.0)
    - GoogleUtilities/AppDelegateSwizzler (~> 7.8)
    - GoogleUtilities/MethodSwizzler (~> 7.8)
    - GoogleUtilities/Network (~> 7.8)
    - "GoogleUtilities/NSData+zlib (~> 7.8)"
    - nanopb (< 2.30910.0, >= 2.30908.0)
  - GoogleAppMeasurement/WithoutAdIdSupport (10.6.0):
    - GoogleUtilities/AppDelegateSwizzler (~> 7.8)
    - GoogleUtilities/MethodSwizzler (~> 7.8)
    - GoogleUtilities/Network (~> 7.8)
    - "GoogleUtilities/NSData+zlib (~> 7.8)"
    - nanopb (< 2.30910.0, >= 2.30908.0)
  - GoogleDataTransport (9.2.3):
    - GoogleUtilities/Environment (~> 7.7)
    - nanopb (< 2.30910.0, >= 2.30908.0)
    - PromisesObjC (< 3.0, >= 1.2)
  - GoogleUserMessagingPlatform (2.0.1)
  - GoogleUtilities/AppDelegateSwizzler (7.11.0):
    - GoogleUtilities/Environment
    - GoogleUtilities/Logger
    - GoogleUtilities/Network
  - GoogleUtilities/Environment (7.11.0):
    - PromisesObjC (< 3.0, >= 1.2)
  - GoogleUtilities/Logger (7.11.0):
    - GoogleUtilities/Environment
  - GoogleUtilities/MethodSwizzler (7.11.0):
    - GoogleUtilities/Logger
  - GoogleUtilities/Network (7.11.0):
    - GoogleUtilities/Logger
    - "GoogleUtilities/NSData+zlib"
    - GoogleUtilities/Reachability
  - "GoogleUtilities/NSData+zlib (7.11.0)"
  - GoogleUtilities/Reachability (7.11.0):
    - GoogleUtilities/Logger
  - GoogleUtilities/UserDefaults (7.11.0):
    - GoogleUtilities/Logger
  - nanopb (2.30909.0):
    - nanopb/decode (= 2.30909.0)
    - nanopb/encode (= 2.30909.0)
  - nanopb/decode (2.30909.0)
  - nanopb/encode (2.30909.0)
  - package_info_plus (0.4.5):
    - Flutter
  - PromisesObjC (2.2.0)
  - PromisesSwift (2.2.0):
    - PromisesObjC (= 2.2.0)
  - storage_space (0.0.1):
    - Flutter
  - webview_flutter_wkwebview (0.0.1):
    - Flutter

DEPENDENCIES:
  - battery_plus (from `.symlinks/plugins/battery_plus/ios`)
  - carrier_info (from `.symlinks/plugins/carrier_info/ios`)
  - device_info_plus (from `.symlinks/plugins/device_info_plus/ios`)
  - firebase_core (from `.symlinks/plugins/firebase_core/ios`)
  - firebase_crashlytics (from `.symlinks/plugins/firebase_crashlytics/ios`)
  - Flutter (from `Flutter`)
  - google_mobile_ads (from `.symlinks/plugins/google_mobile_ads/ios`)
  - package_info_plus (from `.symlinks/plugins/package_info_plus/ios`)
  - storage_space (from `.symlinks/plugins/storage_space/ios`)
  - webview_flutter_wkwebview (from `.symlinks/plugins/webview_flutter_wkwebview/ios`)

SPEC REPOS:
  trunk:
    - Firebase
    - FirebaseCore
    - FirebaseCoreExtension
    - FirebaseCoreInternal
    - FirebaseCrashlytics
    - FirebaseInstallations
    - FirebaseSessions
    - Google-Mobile-Ads-SDK
    - GoogleAppMeasurement
    - GoogleDataTransport
    - GoogleUserMessagingPlatform
    - GoogleUtilities
    - nanopb
    - PromisesObjC
    - PromisesSwift

EXTERNAL SOURCES:
  battery_plus:
    :path: ".symlinks/plugins/battery_plus/ios"
  carrier_info:
    :path: ".symlinks/plugins/carrier_info/ios"
  device_info_plus:
    :path: ".symlinks/plugins/device_info_plus/ios"
  firebase_core:
    :path: ".symlinks/plugins/firebase_core/ios"
  firebase_crashlytics:
    :path: ".symlinks/plugins/firebase_crashlytics/ios"
  Flutter:
    :path: Flutter
  google_mobile_ads:
    :path: ".symlinks/plugins/google_mobile_ads/ios"
  package_info_plus:
    :path: ".symlinks/plugins/package_info_plus/ios"
  storage_space:
    :path: ".symlinks/plugins/storage_space/ios"
  webview_flutter_wkwebview:
    :path: ".symlinks/plugins/webview_flutter_wkwebview/ios"

SPEC CHECKSUMS:
  battery_plus: 9bff772a7e5e4d5381ca3ca92a97373a3d8b2738
  carrier_info: 74da91657834617c4409e6afdb706ac4685efe66
  device_info_plus: e5c5da33f982a436e103237c0c85f9031142abed
  Firebase: 0219acf760880eeec8ce479895bd7767466d9f81
  firebase_core: dee76ded6c693fdb38b8ea39aef7129e32e587a3
  firebase_crashlytics: 450dc80dcb167d04714c147336dd04a7230d20e4
  FirebaseCore: e317665b9d744727a97e623edbbed009320afdd7
  FirebaseCoreExtension: d3e9bba2930a8033042112397cd9f006a1bb203d
  FirebaseCoreInternal: d2b4acb827908e72eca47a9fd896767c3053921e
  FirebaseCrashlytics: 35fdd1a433b31e28adcf5c8933f4c526691a1e0b
  FirebaseInstallations: c58489c9caacdbf27d1da60891a87318e20218e0
  FirebaseSessions: 44a6782502eb279a214d4adca20891353278760c
  Flutter: f04841e97a9d0b0a8025694d0796dd46242b2854
  Google-Mobile-Ads-SDK: 32fe7836431a06a29f7734ae092b600137c8108d
  google_mobile_ads: 53b1f0d74445963e5810e34ac38dfb27aabe278e
  GoogleAppMeasurement: 686b48c3c895f3c55c70719041913d5d150b74f6
  GoogleDataTransport: f0308f5905a745f94fb91fea9c6cbaf3831cb1bd
  GoogleUserMessagingPlatform: 5f8b30daf181805317b6b985bb51c1ff3beca054
  GoogleUtilities: c2bdc4cf2ce786c4d2e6b3bcfd599a25ca78f06f
  nanopb: b552cce312b6c8484180ef47159bc0f65a1f0431
  package_info_plus: 6c92f08e1f853dc01228d6f553146438dafcd14e
  PromisesObjC: 09985d6d70fbe7878040aa746d78236e6946d2ef
  PromisesSwift: cf9eb58666a43bbe007302226e510b16c1e10959
  storage_space: b65da22f48102f30e39f07918a18efd56d440af5
  webview_flutter_wkwebview: 2e2d318f21a5e036e2c3f26171342e95908bd60a

PODFILE CHECKSUM: ef19549a9bc3046e7bb7d2fab4d021637c0c58a3

COCOAPODS: 1.11.3
